// !$*UTF8*$!
{
	archiveVersion = 1;
	classes = {
	};
	objectVersion = 56;
	objects = {

/* Begin PBXBuildFile section */
		F4AB48022AAE40BD007C484B /* AppDelegate.swift in Sources */ = {isa = PBXBuildFile; fileRef = F4AB48012AAE40BD007C484B /* AppDelegate.swift */; };
		F4AB48042AAE40BD007C484B /* SceneDelegate.swift in Sources */ = {isa = PBXBuildFile; fileRef = F4AB48032AAE40BD007C484B /* SceneDelegate.swift */; };
		F4AB48062AAE40BD007C484B /* ViewController.swift in Sources */ = {isa = PBXBuildFile; fileRef = F4AB48052AAE40BD007C484B /* ViewController.swift */; };
		F4AB48092AAE40BD007C484B /* Main.storyboard in Resources */ = {isa = PBXBuildFile; fileRef = F4AB48072AAE40BD007C484B /* Main.storyboard */; };
		F4AB480B2AAE40BE007C484B /* Assets.xcassets in Resources */ = {isa = PBXBuildFile; fileRef = F4AB480A2AAE40BE007C484B /* Assets.xcassets */; };
		F4AB480E2AAE40BE007C484B /* LaunchScreen.storyboard in Resources */ = {isa = PBXBuildFile; fileRef = F4AB480C2AAE40BE007C484B /* LaunchScreen.storyboard */; };
		F4AB48192AAE40BE007C484B /* POSPurchaseTests.swift in Sources */ = {isa = PBXBuildFile; fileRef = F4AB48182AAE40BE007C484B /* POSPurchaseTests.swift */; };
		F4AB48232AAE40BE007C484B /* POSPurchaseUITests.swift in Sources */ = {isa = PBXBuildFile; fileRef = F4AB48222AAE40BE007C484B /* POSPurchaseUITests.swift */; };
		F4AB48252AAE40BE007C484B /* POSPurchaseUITestsLaunchTests.swift in Sources */ = {isa = PBXBuildFile; fileRef = F4AB48242AAE40BE007C484B /* POSPurchaseUITestsLaunchTests.swift */; };
/* End PBXBuildFile section */

/* Begin PBXContainerItemProxy section */
		F4AB48152AAE40BE007C484B /* PBXContainerItemProxy */ = {
			isa = PBXContainerItemProxy;
			containerPortal = F4AB47F62AAE40BD007C484B /* Project object */;
			proxyType = 1;
			remoteGlobalIDString = F4AB47FD2AAE40BD007C484B;
			remoteInfo = POSPurchase;
		};
		F4AB481F2AAE40BE007C484B /* PBXContainerItemProxy */ = {
			isa = PBXContainerItemProxy;
			containerPortal = F4AB47F62AAE40BD007C484B /* Project object */;
			proxyType = 1;
			remoteGlobalIDString = F4AB47FD2AAE40BD007C484B;
			remoteInfo = POSPurchase;
		};
/* End PBXContainerItemProxy section */

/* Begin PBXFileReference section */
		F4AB47FE2AAE40BD007C484B /* POSPurchase.app */ = {isa = PBXFileReference; explicitFileType = wrapper.application; includeInIndex = 0; path = POSPurchase.app; sourceTree = BUILT_PRODUCTS_DIR; };
		F4AB48012AAE40BD007C484B /* AppDelegate.swift */ = {isa = PBXFileReference; lastKnownFileType = sourcecode.swift; path = AppDelegate.swift; sourceTree = "<group>"; };
		F4AB48032AAE40BD007C484B /* SceneDelegate.swift */ = {isa = PBXFileReference; lastKnownFileType = sourcecode.swift; path = SceneDelegate.swift; sourceTree = "<group>"; };
		F4AB48052AAE40BD007C484B /* ViewController.swift */ = {isa = PBXFileReference; lastKnownFileType = sourcecode.swift; path = ViewController.swift; sourceTree = "<group>"; };
		F4AB48082AAE40BD007C484B /* Base */ = {isa = PBXFileReference; lastKnownFileType = file.storyboard; name = Base; path = Base.lproj/Main.storyboard; sourceTree = "<group>"; };
		F4AB480A2AAE40BE007C484B /* Assets.xcassets */ = {isa = PBXFileReference; lastKnownFileType = folder.assetcatalog; path = Assets.xcassets; sourceTree = "<group>"; };
		F4AB480D2AAE40BE007C484B /* Base */ = {isa = PBXFileReference; lastKnownFileType = file.storyboard; name = Base; path = Base.lproj/LaunchScreen.storyboard; sourceTree = "<group>"; };
		F4AB480F2AAE40BE007C484B /* Info.plist */ = {isa = PBXFileReference; lastKnownFileType = text.plist.xml; path = Info.plist; sourceTree = "<group>"; };
		F4AB48142AAE40BE007C484B /* POSPurchaseTests.xctest */ = {isa = PBXFileReference; explicitFileType = wrapper.cfbundle; includeInIndex = 0; path = POSPurchaseTests.xctest; sourceTree = BUILT_PRODUCTS_DIR; };
		F4AB48182AAE40BE007C484B /* POSPurchaseTests.swift */ = {isa = PBXFileReference; lastKnownFileType = sourcecode.swift; path = POSPurchaseTests.swift; sourceTree = "<group>"; };
		F4AB481E2AAE40BE007C484B /* POSPurchaseUITests.xctest */ = {isa = PBXFileReference; explicitFileType = wrapper.cfbundle; includeInIndex = 0; path = POSPurchaseUITests.xctest; sourceTree = BUILT_PRODUCTS_DIR; };
		F4AB48222AAE40BE007C484B /* POSPurchaseUITests.swift */ = {isa = PBXFileReference; lastKnownFileType = sourcecode.swift; path = POSPurchaseUITests.swift; sourceTree = "<group>"; };
		F4AB48242AAE40BE007C484B /* POSPurchaseUITestsLaunchTests.swift */ = {isa = PBXFileReference; lastKnownFileType = sourcecode.swift; path = POSPurchaseUITestsLaunchTests.swift; sourceTree = "<group>"; };
/* End PBXFileReference section */

/* Begin PBXFrameworksBuildPhase section */
		F4AB47FB2AAE40BD007C484B /* Frameworks */ = {
			isa = PBXFrameworksBuildPhase;
			buildActionMask = 2147483647;
			files = (
			);
			runOnlyForDeploymentPostprocessing = 0;
		};
		F4AB48112AAE40BE007C484B /* Frameworks */ = {
			isa = PBXFrameworksBuildPhase;
			buildActionMask = 2147483647;
			files = (
			);
			runOnlyForDeploymentPostprocessing = 0;
		};
		F4AB481B2AAE40BE007C484B /* Frameworks */ = {
			isa = PBXFrameworksBuildPhase;
			buildActionMask = 2147483647;
			files = (
			);
			runOnlyForDeploymentPostprocessing = 0;
		};
/* End PBXFrameworksBuildPhase section */

/* Begin PBXGroup section */
		F4AB47F52AAE40BD007C484B = {
			isa = PBXGroup;
			children = (
				F4AB48002AAE40BD007C484B /* POSPurchase */,
				F4AB48172AAE40BE007C484B /* POSPurchaseTests */,
				F4AB48212AAE40BE007C484B /* POSPurchaseUITests */,
				F4AB47FF2AAE40BD007C484B /* Products */,
			);
			sourceTree = "<group>";
		};
		F4AB47FF2AAE40BD007C484B /* Products */ = {
			isa = PBXGroup;
			children = (
				F4AB47FE2AAE40BD007C484B /* POSPurchase.app */,
				F4AB48142AAE40BE007C484B /* POSPurchaseTests.xctest */,
				F4AB481E2AAE40BE007C484B /* POSPurchaseUITests.xctest */,
			);
			name = Products;
			sourceTree = "<group>";
		};
		F4AB48002AAE40BD007C484B /* POSPurchase */ = {
			isa = PBXGroup;
			children = (
				F4AB48012AAE40BD007C484B /* AppDelegate.swift */,
				F4AB48032AAE40BD007C484B /* SceneDelegate.swift */,
				F4AB48052AAE40BD007C484B /* ViewController.swift */,
				F4AB48072AAE40BD007C484B /* Main.storyboard */,
				F4AB480A2AAE40BE007C484B /* Assets.xcassets */,
				F4AB480C2AAE40BE007C484B /* LaunchScreen.storyboard */,
				F4AB480F2AAE40BE007C484B /* Info.plist */,
			);
			path = POSPurchase;
			sourceTree = "<group>";
		};
		F4AB48172AAE40BE007C484B /* POSPurchaseTests */ = {
			isa = PBXGroup;
			children = (
				F4AB48182AAE40BE007C484B /* POSPurchaseTests.swift */,
			);
			path = POSPurchaseTests;
			sourceTree = "<group>";
		};
		F4AB48212AAE40BE007C484B /* POSPurchaseUITests */ = {
			isa = PBXGroup;
			children = (
				F4AB48222AAE40BE007C484B /* POSPurchaseUITests.swift */,
				F4AB48242AAE40BE007C484B /* POSPurchaseUITestsLaunchTests.swift */,
			);
			path = POSPurchaseUITests;
			sourceTree = "<group>";
		};
/* End PBXGroup section */

/* Begin PBXNativeTarget section */
		F4AB47FD2AAE40BD007C484B /* POSPurchase */ = {
			isa = PBXNativeTarget;
			buildConfigurationList = F4AB48282AAE40BE007C484B /* Build configuration list for PBXNativeTarget "POSPurchase" */;
			buildPhases = (
				F4AB47FA2AAE40BD007C484B /* Sources */,
				F4AB47FB2AAE40BD007C484B /* Frameworks */,
				F4AB47FC2AAE40BD007C484B /* Resources */,
			);
			buildRules = (
			);
			dependencies = (
			);
			name = POSPurchase;
			productName = POSPurchase;
			productReference = F4AB47FE2AAE40BD007C484B /* POSPurchase.app */;
			productType = "com.apple.product-type.application";
		};
		F4AB48132AAE40BE007C484B /* POSPurchaseTests */ = {
			isa = PBXNativeTarget;
			buildConfigurationList = F4AB482B2AAE40BE007C484B /* Build configuration list for PBXNativeTarget "POSPurchaseTests" */;
			buildPhases = (
				F4AB48102AAE40BE007C484B /* Sources */,
				F4AB48112AAE40BE007C484B /* Frameworks */,
				F4AB48122AAE40BE007C484B /* Resources */,
			);
			buildRules = (
			);
			dependencies = (
				F4AB48162AAE40BE007C484B /* PBXTargetDependency */,
			);
			name = POSPurchaseTests;
			productName = POSPurchaseTests;
			productReference = F4AB48142AAE40BE007C484B /* POSPurchaseTests.xctest */;
			productType = "com.apple.product-type.bundle.unit-test";
		};
		F4AB481D2AAE40BE007C484B /* POSPurchaseUITests */ = {
			isa = PBXNativeTarget;
			buildConfigurationList = F4AB482E2AAE40BE007C484B /* Build configuration list for PBXNativeTarget "POSPurchaseUITests" */;
			buildPhases = (
				F4AB481A2AAE40BE007C484B /* Sources */,
				F4AB481B2AAE40BE007C484B /* Frameworks */,
				F4AB481C2AAE40BE007C484B /* Resources */,
			);
			buildRules = (
			);
			dependencies = (
				F4AB48202AAE40BE007C484B /* PBXTargetDependency */,
			);
			name = POSPurchaseUITests;
			productName = POSPurchaseUITests;
			productReference = F4AB481E2AAE40BE007C484B /* POSPurchaseUITests.xctest */;
			productType = "com.apple.product-type.bundle.ui-testing";
		};
/* End PBXNativeTarget section */

/* Begin PBXProject section */
		F4AB47F62AAE40BD007C484B /* Project object */ = {
			isa = PBXProject;
			attributes = {
				BuildIndependentTargetsInParallel = 1;
				LastSwiftUpdateCheck = 1430;
				LastUpgradeCheck = 1430;
				TargetAttributes = {
					F4AB47FD2AAE40BD007C484B = {
						CreatedOnToolsVersion = 14.3;
					};
					F4AB48132AAE40BE007C484B = {
						CreatedOnToolsVersion = 14.3;
						TestTargetID = F4AB47FD2AAE40BD007C484B;
					};
					F4AB481D2AAE40BE007C484B = {
						CreatedOnToolsVersion = 14.3;
						TestTargetID = F4AB47FD2AAE40BD007C484B;
					};
				};
			};
			buildConfigurationList = F4AB47F92AAE40BD007C484B /* Build configuration list for PBXProject "POSPurchase" */;
			compatibilityVersion = "Xcode 14.0";
			developmentRegion = en;
			hasScannedForEncodings = 0;
			knownRegions = (
				en,
				Base,
			);
			mainGroup = F4AB47F52AAE40BD007C484B;
			productRefGroup = F4AB47FF2AAE40BD007C484B /* Products */;
			projectDirPath = "";
			projectRoot = "";
			targets = (
				F4AB47FD2AAE40BD007C484B /* POSPurchase */,
				F4AB48132AAE40BE007C484B /* POSPurchaseTests */,
				F4AB481D2AAE40BE007C484B /* POSPurchaseUITests */,
			);
		};
/* End PBXProject section */

/* Begin PBXResourcesBuildPhase section */
		F4AB47FC2AAE40BD007C484B /* Resources */ = {
			isa = PBXResourcesBuildPhase;
			buildActionMask = 2147483647;
			files = (
				F4AB480E2AAE40BE007C484B /* LaunchScreen.storyboard in Resources */,
				F4AB480B2AAE40BE007C484B /* Assets.xcassets in Resources */,
				F4AB48092AAE40BD007C484B /* Main.storyboard in Resources */,
			);
			runOnlyForDeploymentPostprocessing = 0;
		};
		F4AB48122AAE40BE007C484B /* Resources */ = {
			isa = PBXResourcesBuildPhase;
			buildActionMask = 2147483647;
			files = (
			);
			runOnlyForDeploymentPostprocessing = 0;
		};
		F4AB481C2AAE40BE007C484B /* Resources */ = {
			isa = PBXResourcesBuildPhase;
			buildActionMask = 2147483647;
			files = (
			);
			runOnlyForDeploymentPostprocessing = 0;
		};
/* End PBXResourcesBuildPhase section */

/* Begin PBXSourcesBuildPhase section */
		F4AB47FA2AAE40BD007C484B /* Sources */ = {
			isa = PBXSourcesBuildPhase;
			buildActionMask = 2147483647;
			files = (
				F4AB48062AAE40BD007C484B /* ViewController.swift in Sources */,
				F4AB48022AAE40BD007C484B /* AppDelegate.swift in Sources */,
				F4AB48042AAE40BD007C484B /* SceneDelegate.swift in Sources */,
			);
			runOnlyForDeploymentPostprocessing = 0;
		};
		F4AB48102AAE40BE007C484B /* Sources */ = {
			isa = PBXSourcesBuildPhase;
			buildActionMask = 2147483647;
			files = (
				F4AB48192AAE40BE007C484B /* POSPurchaseTests.swift in Sources */,
			);
			runOnlyForDeploymentPostprocessing = 0;
		};
		F4AB481A2AAE40BE007C484B /* Sources */ = {
			isa = PBXSourcesBuildPhase;
			buildActionMask = 2147483647;
			files = (
				F4AB48252AAE40BE007C484B /* POSPurchaseUITestsLaunchTests.swift in Sources */,
				F4AB48232AAE40BE007C484B /* POSPurchaseUITests.swift in Sources */,
			);
			runOnlyForDeploymentPostprocessing = 0;
		};
/* End PBXSourcesBuildPhase section */

/* Begin PBXTargetDependency section */
		F4AB48162AAE40BE007C484B /* PBXTargetDependency */ = {
			isa = PBXTargetDependency;
			target = F4AB47FD2AAE40BD007C484B /* POSPurchase */;
			targetProxy = F4AB48152AAE40BE007C484B /* PBXContainerItemProxy */;
		};
		F4AB48202AAE40BE007C484B /* PBXTargetDependency */ = {
			isa = PBXTargetDependency;
			target = F4AB47FD2AAE40BD007C484B /* POSPurchase */;
			targetProxy = F4AB481F2AAE40BE007C484B /* PBXContainerItemProxy */;
		};
/* End PBXTargetDependency section */

/* Begin PBXVariantGroup section */
		F4AB48072AAE40BD007C484B /* Main.storyboard */ = {
			isa = PBXVariantGroup;
			children = (
				F4AB48082AAE40BD007C484B /* Base */,
			);
			name = Main.storyboard;
			sourceTree = "<group>";
		};
		F4AB480C2AAE40BE007C484B /* LaunchScreen.storyboard */ = {
			isa = PBXVariantGroup;
			children = (
				F4AB480D2AAE40BE007C484B /* Base */,
			);
			name = LaunchScreen.storyboard;
			sourceTree = "<group>";
		};
/* End PBXVariantGroup section */

/* Begin XCBuildConfiguration section */
		F4AB48262AAE40BE007C484B /* Debug */ = {
			isa = XCBuildConfiguration;
			buildSettings = {
				ALWAYS_SEARCH_USER_PATHS = NO;
				CLANG_ANALYZER_NONNULL = YES;
				CLANG_ANALYZER_NUMBER_OBJECT_CONVERSION = YES_AGGRESSIVE;
				CLANG_CXX_LANGUAGE_STANDARD = "gnu++20";
				CLANG_ENABLE_MODULES = YES;
				CLANG_ENABLE_OBJC_ARC = YES;
				CLANG_ENABLE_OBJC_WEAK = YES;
				CLANG_WARN_BLOCK_CAPTURE_AUTORELEASING = YES;
				CLANG_WARN_BOOL_CONVERSION = YES;
				CLANG_WARN_COMMA = YES;
				CLANG_WARN_CONSTANT_CONVERSION = YES;
				CLANG_WARN_DEPRECATED_OBJC_IMPLEMENTATIONS = YES;
				CLANG_WARN_DIRECT_OBJC_ISA_USAGE = YES_ERROR;
				CLANG_WARN_DOCUMENTATION_COMMENTS = YES;
				CLANG_WARN_EMPTY_BODY = YES;
				CLANG_WARN_ENUM_CONVERSION = YES;
				CLANG_WARN_INFINITE_RECURSION = YES;
				CLANG_WARN_INT_CONVERSION = YES;
				CLANG_WARN_NON_LITERAL_NULL_CONVERSION = YES;
				CLANG_WARN_OBJC_IMPLICIT_RETAIN_SELF = YES;
				CLANG_WARN_OBJC_LITERAL_CONVERSION = YES;
				CLANG_WARN_OBJC_ROOT_CLASS = YES_ERROR;
				CLANG_WARN_QUOTED_INCLUDE_IN_FRAMEWORK_HEADER = YES;
				CLANG_WARN_RANGE_LOOP_ANALYSIS = YES;
				CLANG_WARN_STRICT_PROTOTYPES = YES;
				CLANG_WARN_SUSPICIOUS_MOVE = YES;
				CLANG_WARN_UNGUARDED_AVAILABILITY = YES_AGGRESSIVE;
				CLANG_WARN_UNREACHABLE_CODE = YES;
				CLANG_WARN__DUPLICATE_METHOD_MATCH = YES;
				COPY_PHASE_STRIP = NO;
				DEBUG_INFORMATION_FORMAT = dwarf;
				ENABLE_STRICT_OBJC_MSGSEND = YES;
				ENABLE_TESTABILITY = YES;
				GCC_C_LANGUAGE_STANDARD = gnu11;
				GCC_DYNAMIC_NO_PIC = NO;
				GCC_NO_COMMON_BLOCKS = YES;
				GCC_OPTIMIZATION_LEVEL = 0;
				GCC_PREPROCESSOR_DEFINITIONS = (
					"DEBUG=1",
					"$(inherited)",
				);
				GCC_WARN_64_TO_32_BIT_CONVERSION = YES;
				GCC_WARN_ABOUT_RETURN_TYPE = YES_ERROR;
				GCC_WARN_UNDECLARED_SELECTOR = YES;
				GCC_WARN_UNINITIALIZED_AUTOS = YES_AGGRESSIVE;
				GCC_WARN_UNUSED_FUNCTION = YES;
				GCC_WARN_UNUSED_VARIABLE = YES;
				IPHONEOS_DEPLOYMENT_TARGET = 16.4;
				MTL_ENABLE_DEBUG_INFO = INCLUDE_SOURCE;
				MTL_FAST_MATH = YES;
				ONLY_ACTIVE_ARCH = YES;
				SDKROOT = iphoneos;
				SWIFT_ACTIVE_COMPILATION_CONDITIONS = DEBUG;
				SWIFT_OPTIMIZATION_LEVEL = "-Onone";
			};
			name = Debug;
		};
		F4AB48272AAE40BE007C484B /* Release */ = {
			isa = XCBuildConfiguration;
			buildSettings = {
				ALWAYS_SEARCH_USER_PATHS = NO;
				CLANG_ANALYZER_NONNULL = YES;
				CLANG_ANALYZER_NUMBER_OBJECT_CONVERSION = YES_AGGRESSIVE;
				CLANG_CXX_LANGUAGE_STANDARD = "gnu++20";
				CLANG_ENABLE_MODULES = YES;
				CLANG_ENABLE_OBJC_ARC = YES;
				CLANG_ENABLE_OBJC_WEAK = YES;
				CLANG_WARN_BLOCK_CAPTURE_AUTORELEASING = YES;
				CLANG_WARN_BOOL_CONVERSION = YES;
				CLANG_WARN_COMMA = YES;
				CLANG_WARN_CONSTANT_CONVERSION = YES;
				CLANG_WARN_DEPRECATED_OBJC_IMPLEMENTATIONS = YES;
				CLANG_WARN_DIRECT_OBJC_ISA_USAGE = YES_ERROR;
				CLANG_WARN_DOCUMENTATION_COMMENTS = YES;
				CLANG_WARN_EMPTY_BODY = YES;
				CLANG_WARN_ENUM_CONVERSION = YES;
				CLANG_WARN_INFINITE_RECURSION = YES;
				CLANG_WARN_INT_CONVERSION = YES;
				CLANG_WARN_NON_LITERAL_NULL_CONVERSION = YES;
				CLANG_WARN_OBJC_IMPLICIT_RETAIN_SELF = YES;
				CLANG_WARN_OBJC_LITERAL_CONVERSION = YES;
				CLANG_WARN_OBJC_ROOT_CLASS = YES_ERROR;
				CLANG_WARN_QUOTED_INCLUDE_IN_FRAMEWORK_HEADER = YES;
				CLANG_WARN_RANGE_LOOP_ANALYSIS = YES;
				CLANG_WARN_STRICT_PROTOTYPES = YES;
				CLANG_WARN_SUSPICIOUS_MOVE = YES;
				CLANG_WARN_UNGUARDED_AVAILABILITY = YES_AGGRESSIVE;
				CLANG_WARN_UNREACHABLE_CODE = YES;
				CLANG_WARN__DUPLICATE_METHOD_MATCH = YES;
				COPY_PHASE_STRIP = NO;
				DEBUG_INFORMATION_FORMAT = "dwarf-with-dsym";
				ENABLE_NS_ASSERTIONS = NO;
				ENABLE_STRICT_OBJC_MSGSEND = YES;
				GCC_C_LANGUAGE_STANDARD = gnu11;
				GCC_NO_COMMON_BLOCKS = YES;
				GCC_WARN_64_TO_32_BIT_CONVERSION = YES;
				GCC_WARN_ABOUT_RETURN_TYPE = YES_ERROR;
				GCC_WARN_UNDECLARED_SELECTOR = YES;
				GCC_WARN_UNINITIALIZED_AUTOS = YES_AGGRESSIVE;
				GCC_WARN_UNUSED_FUNCTION = YES;
				GCC_WARN_UNUSED_VARIABLE = YES;
				IPHONEOS_DEPLOYMENT_TARGET = 16.4;
				MTL_ENABLE_DEBUG_INFO = NO;
				MTL_FAST_MATH = YES;
				SDKROOT = iphoneos;
				SWIFT_COMPILATION_MODE = wholemodule;
				SWIFT_OPTIMIZATION_LEVEL = "-O";
				VALIDATE_PRODUCT = YES;
			};
			name = Release;
		};
		F4AB48292AAE40BE007C484B /* Debug */ = {
			isa = XCBuildConfiguration;
			buildSettings = {
				ASSETCATALOG_COMPILER_APPICON_NAME = AppIcon;
				ASSETCATALOG_COMPILER_GLOBAL_ACCENT_COLOR_NAME = AccentColor;
				CODE_SIGN_STYLE = Automatic;
				CURRENT_PROJECT_VERSION = 1;
				GENERATE_INFOPLIST_FILE = YES;
				INFOPLIST_FILE = POSPurchase/Info.plist;
				INFOPLIST_KEY_UIApplicationSupportsIndirectInputEvents = YES;
				INFOPLIST_KEY_UILaunchStoryboardName = LaunchScreen;
				INFOPLIST_KEY_UIMainStoryboardFile = Main;
				INFOPLIST_KEY_UISupportedInterfaceOrientations_iPad = "UIInterfaceOrientationPortrait UIInterfaceOrientationPortraitUpsideDown UIInterfaceOrientationLandscapeLeft UIInterfaceOrientationLandscapeRight";
				INFOPLIST_KEY_UISupportedInterfaceOrientations_iPhone = "UIInterfaceOrientationPortrait UIInterfaceOrientationLandscapeLeft UIInterfaceOrientationLandscapeRight";
				LD_RUNPATH_SEARCH_PATHS = (
					"$(inherited)",
					"@executable_path/Frameworks",
				);
				MARKETING_VERSION = 1.0;
				PRODUCT_BUNDLE_IDENTIFIER = ruh.ai.POSPurchase;
				PRODUCT_NAME = "$(TARGET_NAME)";
				SWIFT_EMIT_LOC_STRINGS = YES;
				SWIFT_VERSION = 5.0;
				TARGETED_DEVICE_FAMILY = "1,2";
			};
			name = Debug;
		};
		F4AB482A2AAE40BE007C484B /* Release */ = {
			isa = XCBuildConfiguration;
			buildSettings = {
				ASSETCATALOG_COMPILER_APPICON_NAME = AppIcon;
				ASSETCATALOG_COMPILER_GLOBAL_ACCENT_COLOR_NAME = AccentColor;
				CODE_SIGN_STYLE = Automatic;
				CURRENT_PROJECT_VERSION = 1;
				GENERATE_INFOPLIST_FILE = YES;
				INFOPLIST_FILE = POSPurchase/Info.plist;
				INFOPLIST_KEY_UIApplicationSupportsIndirectInputEvents = YES;
				INFOPLIST_KEY_UILaunchStoryboardName = LaunchScreen;
				INFOPLIST_KEY_UIMainStoryboardFile = Main;
				INFOPLIST_KEY_UISupportedInterfaceOrientations_iPad = "UIInterfaceOrientationPortrait UIInterfaceOrientationPortraitUpsideDown UIInterfaceOrientationLandscapeLeft UIInterfaceOrientationLandscapeRight";
				INFOPLIST_KEY_UISupportedInterfaceOrientations_iPhone = "UIInterfaceOrientationPortrait UIInterfaceOrientationLandscapeLeft UIInterfaceOrientationLandscapeRight";
				LD_RUNPATH_SEARCH_PATHS = (
					"$(inherited)",
					"@executable_path/Frameworks",
				);
				MARKETING_VERSION = 1.0;
				PRODUCT_BUNDLE_IDENTIFIER = ruh.ai.POSPurchase;
				PRODUCT_NAME = "$(TARGET_NAME)";
				SWIFT_EMIT_LOC_STRINGS = YES;
				SWIFT_VERSION = 5.0;
				TARGETED_DEVICE_FAMILY = "1,2";
			};
			name = Release;
		};
		F4AB482C2AAE40BE007C484B /* Debug */ = {
			isa = XCBuildConfiguration;
			buildSettings = {
				ALWAYS_EMBED_SWIFT_STANDARD_LIBRARIES = YES;
				BUNDLE_LOADER = "$(TEST_HOST)";
				CODE_SIGN_STYLE = Automatic;
				CURRENT_PROJECT_VERSION = 1;
				GENERATE_INFOPLIST_FILE = YES;
				IPHONEOS_DEPLOYMENT_TARGET = 16.4;
				MARKETING_VERSION = 1.0;
				PRODUCT_BUNDLE_IDENTIFIER = ruh.ai.POSPurchaseTests;
				PRODUCT_NAME = "$(TARGET_NAME)";
				SWIFT_EMIT_LOC_STRINGS = NO;
				SWIFT_VERSION = 5.0;
				TARGETED_DEVICE_FAMILY = "1,2";
				TEST_HOST = "$(BUILT_PRODUCTS_DIR)/POSPurchase.app/$(BUNDLE_EXECUTABLE_FOLDER_PATH)/POSPurchase";
			};
			name = Debug;
		};
		F4AB482D2AAE40BE007C484B /* Release */ = {
			isa = XCBuildConfiguration;
			buildSettings = {
				ALWAYS_EMBED_SWIFT_STANDARD_LIBRARIES = YES;
				BUNDLE_LOADER = "$(TEST_HOST)";
				CODE_SIGN_STYLE = Automatic;
				CURRENT_PROJECT_VERSION = 1;
				GENERATE_INFOPLIST_FILE = YES;
				IPHONEOS_DEPLOYMENT_TARGET = 16.4;
				MARKETING_VERSION = 1.0;
				PRODUCT_BUNDLE_IDENTIFIER = ruh.ai.POSPurchaseTests;
				PRODUCT_NAME = "$(TARGET_NAME)";
				SWIFT_EMIT_LOC_STRINGS = NO;
				SWIFT_VERSION = 5.0;
				TARGETED_DEVICE_FAMILY = "1,2";
				TEST_HOST = "$(BUILT_PRODUCTS_DIR)/POSPurchase.app/$(BUNDLE_EXECUTABLE_FOLDER_PATH)/POSPurchase";
			};
			name = Release;
		};
		F4AB482F2AAE40BE007C484B /* Debug */ = {
			isa = XCBuildConfiguration;
			buildSettings = {
				ALWAYS_EMBED_SWIFT_STANDARD_LIBRARIES = YES;
				CODE_SIGN_STYLE = Automatic;
				CURRENT_PROJECT_VERSION = 1;
				GENERATE_INFOPLIST_FILE = YES;
				MARKETING_VERSION = 1.0;
				PRODUCT_BUNDLE_IDENTIFIER = ruh.ai.POSPurchaseUITests;
				PRODUCT_NAME = "$(TARGET_NAME)";
				SWIFT_EMIT_LOC_STRINGS = NO;
				SWIFT_VERSION = 5.0;
				TARGETED_DEVICE_FAMILY = "1,2";
				TEST_TARGET_NAME = POSPurchase;
			};
			name = Debug;
		};
		F4AB48302AAE40BE007C484B /* Release */ = {
			isa = XCBuildConfiguration;
			buildSettings = {
				ALWAYS_EMBED_SWIFT_STANDARD_LIBRARIES = YES;
				CODE_SIGN_STYLE = Automatic;
				CURRENT_PROJECT_VERSION = 1;
				GENERATE_INFOPLIST_FILE = YES;
				MARKETING_VERSION = 1.0;
				PRODUCT_BUNDLE_IDENTIFIER = ruh.ai.POSPurchaseUITests;
				PRODUCT_NAME = "$(TARGET_NAME)";
				SWIFT_EMIT_LOC_STRINGS = NO;
				SWIFT_VERSION = 5.0;
				TARGETED_DEVICE_FAMILY = "1,2";
				TEST_TARGET_NAME = POSPurchase;
			};
			name = Release;
		};
/* End XCBuildConfiguration section */

/* Begin XCConfigurationList section */
		F4AB47F92AAE40BD007C484B /* Build configuration list for PBXProject "POSPurchase" */ = {
			isa = XCConfigurationList;
			buildConfigurations = (
				F4AB48262AAE40BE007C484B /* Debug */,
				F4AB48272AAE40BE007C484B /* Release */,
			);
			defaultConfigurationIsVisible = 0;
			defaultConfigurationName = Release;
		};
		F4AB48282AAE40BE007C484B /* Build configuration list for PBXNativeTarget "POSPurchase" */ = {
			isa = XCConfigurationList;
			buildConfigurations = (
				F4AB48292AAE40BE007C484B /* Debug */,
				F4AB482A2AAE40BE007C484B /* Release */,
			);
			defaultConfigurationIsVisible = 0;
			defaultConfigurationName = Release;
		};
		F4AB482B2AAE40BE007C484B /* Build configuration list for PBXNativeTarget "POSPurchaseTests" */ = {
			isa = XCConfigurationList;
			buildConfigurations = (
				F4AB482C2AAE40BE007C484B /* Debug */,
				F4AB482D2AAE40BE007C484B /* Release */,
			);
			defaultConfigurationIsVisible = 0;
			defaultConfigurationName = Release;
		};
		F4AB482E2AAE40BE007C484B /* Build configuration list for PBXNativeTarget "POSPurchaseUITests" */ = {
			isa = XCConfigurationList;
			buildConfigurations = (
				F4AB482F2AAE40BE007C484B /* Debug */,
				F4AB48302AAE40BE007C484B /* Release */,
			);
			defaultConfigurationIsVisible = 0;
			defaultConfigurationName = Release;
		};
/* End XCConfigurationList section */
	};
	rootObject = F4AB47F62AAE40BD007C484B /* Project object */;
}
